
Microsoft Visual Studio Solution File, Format Version 12.00
# Visual Studio Version 17
VisualStudioVersion = 17.9.34616.47
MinimumVisualStudioVersion = 10.0.40219.1
Project("{FAE04EC0-301F-11D3-BF4B-00C04F79EFBC}") = "GastroWebsiteNew", "GastroWebsiteNew.csproj", "{D3AC2F29-CBFC-491A-A701-BFC2F2B2C81D}"
EndProject
Global
	GlobalSection(SolutionConfigurationPlatforms) = preSolution
		Debug|Any CPU = Debug|Any CPU
		Release|Any CPU = Release|Any CPU
	EndGlobalSection
	GlobalSection(ProjectConfigurationPlatforms) = postSolution
		{D3AC2F29-CBFC-491A-A701-BFC2F2B2C81D}.Debug|Any CPU.ActiveCfg = Debug|Any CPU
		{D3AC2F29-CBFC-491A-A701-BFC2F2B2C81D}.Debug|Any CPU.Build.0 = Debug|Any CPU
		{D3AC2F29-CBFC-491A-A701-BFC2F2B2C81D}.Release|Any CPU.ActiveCfg = Release|Any CPU
		{D3AC2F29-CBFC-491A-A701-BFC2F2B2C81D}.Release|Any CPU.Build.0 = Release|Any CPU
	EndGlobalSection
	GlobalSection(SolutionProperties) = preSolution
		HideSolutionNode = FALSE
	EndGlobalSection
	GlobalSection(ExtensibilityGlobals) = postSolution
		SolutionGuid = {42C65D4C-5CF1-4BE1-B623-6C0343BFD9C0}
	EndGlobalSection
EndGlobal
